
Microsoft Visual Studio Solution File, Format Version 12.00
# Visual Studio 15
VisualStudioVersion = 15.0.28307.1500
MinimumVisualStudioVersion = 10.0.40219.1
Project("{8BC9CEB8-8B4A-11D0-8D11-00A0C91BC942}") = "extreme_versus", "extreme_versus.vcxproj", "{6AC4217A-A564-418B-8773-C81FAB2BB30E}"
EndProject
Global
	GlobalSection(SolutionConfigurationPlatforms) = preSolution
		Debug|x64 = Debug|x64
		Debug|x86 = Debug|x86
		Release|x64 = Release|x64
		Release|x86 = Release|x86
	EndGlobalSection
	GlobalSection(ProjectConfigurationPlatforms) = postSolution
		{6AC4217A-A564-418B-8773-C81FAB2BB30E}.Debug|x64.ActiveCfg = Debug|x64
		{6AC4217A-A564-418B-8773-C81FAB2BB30E}.Debug|x64.Build.0 = Debug|x64
		{6AC4217A-A564-418B-8773-C81FAB2BB30E}.Debug|x86.ActiveCfg = Debug|Win32
		{6AC4217A-A564-418B-8773-C81FAB2BB30E}.Debug|x86.Build.0 = Debug|Win32
		{6AC4217A-A564-418B-8773-C81FAB2BB30E}.Release|x64.ActiveCfg = Release|x64
		{6AC4217A-A564-418B-8773-C81FAB2BB30E}.Release|x64.Build.0 = Release|x64
		{6AC4217A-A564-418B-8773-C81FAB2BB30E}.Release|x86.ActiveCfg = Release|Win32
		{6AC4217A-A564-418B-8773-C81FAB2BB30E}.Release|x86.Build.0 = Release|Win32
	EndGlobalSection
	GlobalSection(SolutionProperties) = preSolution
		HideSolutionNode = FALSE
	EndGlobalSection
	GlobalSection(ExtensibilityGlobals) = postSolution
		SolutionGuid = {845BD530-65A9-425A-BCD6-2617D05B41A1}
	EndGlobalSection
EndGlobal
